{
  "lockfileVersion": 1,
  "configVersion": 0,
  "workspaces": {
    "": {
      "name": "tiled-extensions",
      "devDependencies": {
        "@mapeditor/tiled-api": "^1.8.1",
      },
    },
  },
  "packages": {
    "@mapeditor/tiled-api": ["@mapeditor/tiled-api@1.11.0", "", {}, "sha512-cE+11MlCDfVKn0uDgYqdPlqyJ13o2pEKKI7WqN/MV8drvnTTibG4DGeCr009u9WJI8qvovVkDtshC9ko8UDOAA=="],
  }
}
